
Microsoft Visual Studio Solution File, Format Version 12.00
# Visual Studio Version 17
VisualStudioVersion = 17.5.33516.290
MinimumVisualStudioVersion = 10.0.40219.1
Project("{FAE04EC0-301F-11D3-BF4B-00C04F79EFBC}") = "RapidApiProject", "RapidApiProject.csproj", "{5BE48512-D20E-487B-A61B-CAF2006AB888}"
EndProject
Global
	GlobalSection(SolutionConfigurationPlatforms) = preSolution
		Debug|Any CPU = Debug|Any CPU
		Release|Any CPU = Release|Any CPU
	EndGlobalSection
	GlobalSection(ProjectConfigurationPlatforms) = postSolution
		{5BE48512-D20E-487B-A61B-CAF2006AB888}.Debug|Any CPU.ActiveCfg = Debug|Any CPU
		{5BE48512-D20E-487B-A61B-CAF2006AB888}.Debug|Any CPU.Build.0 = Debug|Any CPU
		{5BE48512-D20E-487B-A61B-CAF2006AB888}.Release|Any CPU.ActiveCfg = Release|Any CPU
		{5BE48512-D20E-487B-A61B-CAF2006AB888}.Release|Any CPU.Build.0 = Release|Any CPU
	EndGlobalSection
	GlobalSection(SolutionProperties) = preSolution
		HideSolutionNode = FALSE
	EndGlobalSection
	GlobalSection(ExtensibilityGlobals) = postSolution
		SolutionGuid = {E6D5CD4D-D0B4-44C9-BB97-262769C6D74E}
	EndGlobalSection
EndGlobal
